<?xml version="1.0" encoding="utf-8"?>
<Project ToolsVersion="4.0" xmlns="http://schemas.microsoft.com/developer/msbuild/2003">
  <ItemGroup>
    <Filter Include="Source Files">
      <UniqueIdentifier>{4FC737F1-C7A5-4376-A066-2A32D752A2FF}</UniqueIdentifier>
      <Extensions>qml;cpp;c;cc;cxx;def;odl;idl;hpj;bat;asm;asmx</Extensions>
    </Filter>
    <Filter Include="Header Files">
      <UniqueIdentifier>{93995380-89BD-4b04-88EB-625FBE52EBFB}</UniqueIdentifier>
      <Extensions>h;hh;hpp;hxx;hm;inl;inc;xsd</Extensions>
    </Filter>
    <Filter Include="Resource Files">
      <UniqueIdentifier>{67DA6AB6-F800-4c08-8B7A-83BB121AAD01}</UniqueIdentifier>
      <Extensions>qrc;rc;ico;cur;bmp;dlg;rc2;rct;bin;rgs;gif;jpg;jpeg;jpe;resx;tiff;tif;png;wav;mfcribbon-ms</Extensions>
    </Filter>
    <Filter Include="Form Files">
      <UniqueIdentifier>{99349809-55BA-4b9d-BF79-8FDBB0286EB3}</UniqueIdentifier>
      <Extensions>ui</Extensions>
    </Filter>
    <Filter Include="Translation Files">
      <UniqueIdentifier>{639EADAA-A684-42e4-A9AD-28FC9BCB8F7C}</UniqueIdentifier>
      <Extensions>ts</Extensions>
    </Filter>
  </ItemGroup>
  <ItemGroup>
    <ClInclude Include="VisService.h">
      <Filter>Header Files</Filter>
    </ClInclude>
    <ClInclude Include="Basic\BasicDefs.h">
      <Filter>Header Files</Filter>
    </ClInclude>
    <ClInclude Include="Basic\ReturnDefs.h">
      <Filter>Header Files</Filter>
    </ClInclude>
    <ClInclude Include="VisWindow\Graphics\VGraphicsDrawTool.h">
      <Filter>Header Files</Filter>
    </ClInclude>
    <ClInclude Include="VisWindow\Graphics\VGraphicsItemControlBlock.h">
      <Filter>Header Files</Filter>
    </ClInclude>
    <ClInclude Include="Basic\BasicObject.h">
      <Filter>Header Files</Filter>
    </ClInclude>
    <ClInclude Include="TaskFlow\Module\Matching\ShapeMatching.h">
      <Filter>Header Files</Filter>
    </ClInclude>
    <ClInclude Include="TreePropertyBrowser\ParamEditor.h">
      <Filter>Header Files</Filter>
    </ClInclude>
    <ClInclude Include="TaskFlow\TaskFlowBuild.h">
      <Filter>Header Files</Filter>
    </ClInclude>
    <ClInclude Include="TaskFlow\TaskFlowParams.h">
      <Filter>Header Files</Filter>
    </ClInclude>
    <ClInclude Include="Basic\ErrorCode.h">
      <Filter>Header Files</Filter>
    </ClInclude>
    <ClInclude Include="TaskFlow\TaskFlowContextParams.h">
      <Filter>Header Files</Filter>
    </ClInclude>
    <ClInclude Include="Calibration\CalibrationParams.h">
      <Filter>Header Files</Filter>
    </ClInclude>
    <ClInclude Include="Common\VisUtils.h">
      <Filter>Header Files</Filter>
    </ClInclude>
    <ClInclude Include="PathPlanner\DispensePathPlanner.h">
      <Filter>Header Files</Filter>
    </ClInclude>
    <ClInclude Include="PathPlanner\DispensePathPlannerParams.h">
      <Filter>Header Files</Filter>
    </ClInclude>
    <ClInclude Include="TaskFlow\Module\ModuleObject.h">
      <Filter>Header Files</Filter>
    </ClInclude>
    <ClInclude Include="TaskFlow\Module\ReflectableStruct.h">
      <Filter>Header Files</Filter>
    </ClInclude>
  </ItemGroup>
  <ItemGroup>
    <ClCompile Include="VisWindow\Graphics\VGraphicsDrawTool.cpp">
      <Filter>Source Files</Filter>
    </ClCompile>
    <ClCompile Include="VisWindow\Graphics\VGraphicsItem.cpp">
      <Filter>Source Files</Filter>
    </ClCompile>
    <ClCompile Include="VisWindow\Graphics\VGraphicsItemControlBlock.cpp">
      <Filter>Source Files</Filter>
    </ClCompile>
    <ClCompile Include="VisWindow\Graphics\VGraphicsScene.cpp">
      <Filter>Source Files</Filter>
    </ClCompile>
    <ClCompile Include="VisWindow\Graphics\VGraphicsView.cpp">
      <Filter>Source Files</Filter>
    </ClCompile>
    <ClCompile Include="VisWindow\Graphics\VRuleBar.cpp">
      <Filter>Source Files</Filter>
    </ClCompile>
    <ClCompile Include="VisWindow\VisualWindow.cpp">
      <Filter>Source Files</Filter>
    </ClCompile>
    <ClCompile Include="TaskFlow\Module\Matching\ShapeMatching.cpp">
      <Filter>Source Files</Filter>
    </ClCompile>
    <ClCompile Include="TreePropertyBrowser\QtPropertyBrowser\qtbuttonpropertybrowser.cpp">
      <Filter>Source Files</Filter>
    </ClCompile>
    <ClCompile Include="TreePropertyBrowser\QtPropertyBrowser\qtgroupboxpropertybrowser.cpp">
      <Filter>Source Files</Filter>
    </ClCompile>
    <ClCompile Include="TreePropertyBrowser\QtPropertyBrowser\qtpropertybrowser.cpp">
      <Filter>Source Files</Filter>
    </ClCompile>
    <ClCompile Include="TreePropertyBrowser\QtPropertyBrowser\qtpropertybrowserutils.cpp">
      <Filter>Source Files</Filter>
    </ClCompile>
    <ClCompile Include="TreePropertyBrowser\QtPropertyBrowser\qtvariantproperty.cpp">
      <Filter>Source Files</Filter>
    </ClCompile>
    <ClCompile Include="TaskFlow\Module\Matching\ShapeMatchingUi.cpp">
      <Filter>Source Files</Filter>
    </ClCompile>
    <ClCompile Include="TaskFlow\TaskFlowUi.cpp">
      <Filter>Source Files</Filter>
    </ClCompile>
    <ClCompile Include="TaskFlow\TaskFlowParams.cpp">
      <Filter>Source Files</Filter>
    </ClCompile>
    <ClCompile Include="TaskFlow\TaskFlowBuild.cpp">
      <Filter>Source Files</Filter>
    </ClCompile>
    <ClCompile Include="TaskFlow\TaskFlow.cpp">
      <Filter>Source Files</Filter>
    </ClCompile>
    <ClCompile Include="Calibration\HandEyeCalibrationUi.cpp">
      <Filter>Source Files</Filter>
    </ClCompile>
    <ClCompile Include="Common\VisUtils.cpp">
      <Filter>Source Files</Filter>
    </ClCompile>
    <ClCompile Include="PathPlanner\DispensePathPlanner.cpp">
      <Filter>Source Files</Filter>
    </ClCompile>
  </ItemGroup>
  <ItemGroup>
    <QtMoc Include="VisWindow\Graphics\VGraphicsItem.h">
      <Filter>Header Files</Filter>
    </QtMoc>
    <QtMoc Include="VisWindow\Graphics\VGraphicsScene.h">
      <Filter>Header Files</Filter>
    </QtMoc>
    <QtMoc Include="VisWindow\Graphics\VGraphicsView.h">
      <Filter>Header Files</Filter>
    </QtMoc>
    <QtMoc Include="VisWindow\Graphics\VRuleBar.h">
      <Filter>Header Files</Filter>
    </QtMoc>
    <QtMoc Include="VisWindow\VisualWindow.h">
      <Filter>Header Files</Filter>
    </QtMoc>
    <QtMoc Include="TreePropertyBrowser\QtPropertyBrowser\qtbuttonpropertybrowser.h">
      <Filter>Header Files</Filter>
    </QtMoc>
    <QtMoc Include="TreePropertyBrowser\QtPropertyBrowser\qteditorfactory.cpp">
      <Filter>Source Files</Filter>
    </QtMoc>
    <QtMoc Include="TreePropertyBrowser\QtPropertyBrowser\qteditorfactory.h">
      <Filter>Header Files</Filter>
    </QtMoc>
    <QtMoc Include="TreePropertyBrowser\QtPropertyBrowser\qtgroupboxpropertybrowser.h">
      <Filter>Header Files</Filter>
    </QtMoc>
    <QtMoc Include="TreePropertyBrowser\QtPropertyBrowser\qtpropertybrowser.h">
      <Filter>Header Files</Filter>
    </QtMoc>
    <QtMoc Include="TreePropertyBrowser\QtPropertyBrowser\qtpropertybrowserutils_p.h">
      <Filter>Header Files</Filter>
    </QtMoc>
    <QtMoc Include="TreePropertyBrowser\QtPropertyBrowser\qtpropertymanager.cpp">
      <Filter>Source Files</Filter>
    </QtMoc>
    <QtMoc Include="TreePropertyBrowser\QtPropertyBrowser\qtpropertymanager.h">
      <Filter>Header Files</Filter>
    </QtMoc>
    <QtMoc Include="TreePropertyBrowser\QtPropertyBrowser\qttreepropertybrowser.cpp">
      <Filter>Source Files</Filter>
    </QtMoc>
    <QtMoc Include="TreePropertyBrowser\QtPropertyBrowser\qttreepropertybrowser.h">
      <Filter>Header Files</Filter>
    </QtMoc>
    <QtMoc Include="TreePropertyBrowser\QtPropertyBrowser\qtvariantproperty.h">
      <Filter>Header Files</Filter>
    </QtMoc>
    <QtMoc Include="TaskFlow\Module\Matching\ShapeMatchingUi.h">
      <Filter>Header Files</Filter>
    </QtMoc>
    <QtMoc Include="TaskFlow\TaskFlowUi.h">
      <Filter>Header Files</Filter>
    </QtMoc>
    <QtMoc Include="TaskFlow\TaskFlow.h">
      <Filter>Header Files</Filter>
    </QtMoc>
    <QtMoc Include="Calibration\HandEyeCalibrationUi.h">
      <Filter>Header Files</Filter>
    </QtMoc>
  </ItemGroup>
  <ItemGroup>
    <QtUic Include="TaskFlow\Module\Matching\ShapeMatchingUi.ui">
      <Filter>Form Files</Filter>
    </QtUic>
    <QtUic Include="TaskFlow\TaskFlowUi.ui">
      <Filter>Form Files</Filter>
    </QtUic>
    <QtUic Include="Calibration\HandEyeCalibrationUi.ui">
      <Filter>Form Files</Filter>
    </QtUic>
  </ItemGroup>
</Project>