<?xml version="1.0" encoding="utf-8"?>
<Project ToolsVersion="4.0" xmlns="http://schemas.microsoft.com/developer/msbuild/2003">
  <ItemGroup>
    <Filter Include="源文件">
      <UniqueIdentifier>{4FC737F1-C7A5-4376-A066-2A32D752A2FF}</UniqueIdentifier>
      <Extensions>cpp;c;cc;cxx;c++;cppm;ixx;def;odl;idl;hpj;bat;asm;asmx</Extensions>
    </Filter>
    <Filter Include="头文件">
      <UniqueIdentifier>{93995380-89BD-4b04-88EB-625FBE52EBFB}</UniqueIdentifier>
      <Extensions>h;hh;hpp;hxx;h++;hm;inl;inc;ipp;xsd</Extensions>
    </Filter>
    <Filter Include="资源文件">
      <UniqueIdentifier>{67DA6AB6-F800-4c08-8B7A-83BB121AAD01}</UniqueIdentifier>
      <Extensions>rc;ico;cur;bmp;dlg;rc2;rct;bin;rgs;gif;jpg;jpeg;jpe;resx;tiff;tif;png;wav;mfcribbon-ms</Extensions>
    </Filter>
  </ItemGroup>
  <ItemGroup>
    <ClInclude Include="CBasic\CAllocator.h">
      <Filter>头文件</Filter>
    </ClInclude>
    <ClInclude Include="CBasic\CBasicDefine.h">
      <Filter>头文件</Filter>
    </ClInclude>
    <ClInclude Include="CBasic\CBasicInclude.h">
      <Filter>头文件</Filter>
    </ClInclude>
    <ClInclude Include="CBasic\CDescInfo.h">
      <Filter>头文件</Filter>
    </ClInclude>
    <ClInclude Include="CBasic\CException.h">
      <Filter>头文件</Filter>
    </ClInclude>
    <ClInclude Include="CBasic\CFuncType.h">
      <Filter>头文件</Filter>
    </ClInclude>
    <ClInclude Include="CBasic\CObject.h">
      <Filter>头文件</Filter>
    </ClInclude>
    <ClInclude Include="CBasic\CStatus.h">
      <Filter>头文件</Filter>
    </ClInclude>
    <ClInclude Include="CBasic\CStdEx.h">
      <Filter>头文件</Filter>
    </ClInclude>
    <ClInclude Include="CBasic\CStrDefine.h">
      <Filter>头文件</Filter>
    </ClInclude>
    <ClInclude Include="CBasic\CStruct.h">
      <Filter>头文件</Filter>
    </ClInclude>
    <ClInclude Include="CBasic\CValType.h">
      <Filter>头文件</Filter>
    </ClInclude>
    <ClInclude Include="DomainCtrl\Ann\DAnnDefine.h">
      <Filter>头文件</Filter>
    </ClInclude>
    <ClInclude Include="DomainCtrl\Ann\DAnnInclude.h">
      <Filter>头文件</Filter>
    </ClInclude>
    <ClInclude Include="DomainCtrl\Ann\DAnnNode.h">
      <Filter>头文件</Filter>
    </ClInclude>
    <ClInclude Include="DomainCtrl\Ann\DAnnObject.h">
      <Filter>头文件</Filter>
    </ClInclude>
    <ClInclude Include="DomainCtrl\Ann\DAnnParam.h">
      <Filter>头文件</Filter>
    </ClInclude>
    <ClInclude Include="DomainCtrl\DomainInclude.h">
      <Filter>头文件</Filter>
    </ClInclude>
    <ClInclude Include="DomainCtrl\DomainObject.h">
      <Filter>头文件</Filter>
    </ClInclude>
    <ClInclude Include="GraphCtrl\GraphAspect\GAspect.h">
      <Filter>头文件</Filter>
    </ClInclude>
    <ClInclude Include="GraphCtrl\GraphAspect\GAspectDefine.h">
      <Filter>头文件</Filter>
    </ClInclude>
    <ClInclude Include="GraphCtrl\GraphAspect\GAspectInclude.h">
      <Filter>头文件</Filter>
    </ClInclude>
    <ClInclude Include="GraphCtrl\GraphAspect\GAspectManager.h">
      <Filter>头文件</Filter>
    </ClInclude>
    <ClInclude Include="GraphCtrl\GraphAspect\GAspectObject.h">
      <Filter>头文件</Filter>
    </ClInclude>
    <ClInclude Include="GraphCtrl\GraphAspect\GTemplateAspect.h">
      <Filter>头文件</Filter>
    </ClInclude>
    <ClInclude Include="GraphCtrl\GraphDaemon\GDaemon.h">
      <Filter>头文件</Filter>
    </ClInclude>
    <ClInclude Include="GraphCtrl\GraphDaemon\GDaemonInclude.h">
      <Filter>头文件</Filter>
    </ClInclude>
    <ClInclude Include="GraphCtrl\GraphDaemon\GDaemonManager.h">
      <Filter>头文件</Filter>
    </ClInclude>
    <ClInclude Include="GraphCtrl\GraphDaemon\GDaemonObject.h">
      <Filter>头文件</Filter>
    </ClInclude>
    <ClInclude Include="GraphCtrl\GraphDaemon\GTemplateDaemon.h">
      <Filter>头文件</Filter>
    </ClInclude>
    <ClInclude Include="GraphCtrl\GraphElement\_GEngine\GDynamicEngine\GDynamicEngine.h">
      <Filter>头文件</Filter>
    </ClInclude>
    <ClInclude Include="GraphCtrl\GraphElement\_GEngine\GStaticEngine\GStaticEngine.h">
      <Filter>头文件</Filter>
    </ClInclude>
    <ClInclude Include="GraphCtrl\GraphElement\_GEngine\GTopoEngine\GTopoEngine.h">
      <Filter>头文件</Filter>
    </ClInclude>
    <ClInclude Include="GraphCtrl\GraphElement\_GEngine\GEngine.h">
      <Filter>头文件</Filter>
    </ClInclude>
    <ClInclude Include="GraphCtrl\GraphElement\_GEngine\GEngineDefine.h">
      <Filter>头文件</Filter>
    </ClInclude>
    <ClInclude Include="GraphCtrl\GraphElement\_GEngine\GEngineInclude.h">
      <Filter>头文件</Filter>
    </ClInclude>
    <ClInclude Include="GraphCtrl\GraphElement\_GOptimizer\GMaxParaOptimizer.h">
      <Filter>头文件</Filter>
    </ClInclude>
    <ClInclude Include="GraphCtrl\GraphElement\_GOptimizer\GOptimizer.h">
      <Filter>头文件</Filter>
    </ClInclude>
    <ClInclude Include="GraphCtrl\GraphElement\_GOptimizer\GOptimizerInclude.h">
      <Filter>头文件</Filter>
    </ClInclude>
    <ClInclude Include="GraphCtrl\GraphElement\_GOptimizer\GSeparateOptimizer.h">
      <Filter>头文件</Filter>
    </ClInclude>
    <ClInclude Include="GraphCtrl\GraphElement\_GOptimizer\GTrimOptimizer.h">
      <Filter>头文件</Filter>
    </ClInclude>
    <ClInclude Include="GraphCtrl\GraphElement\GAdapter\GCoordinator\GCoordinator.h">
      <Filter>头文件</Filter>
    </ClInclude>
    <ClInclude Include="GraphCtrl\GraphElement\GAdapter\GFence\GFence.h">
      <Filter>头文件</Filter>
    </ClInclude>
    <ClInclude Include="GraphCtrl\GraphElement\GAdapter\GFunction\GFunction.h">
      <Filter>头文件</Filter>
    </ClInclude>
    <ClInclude Include="GraphCtrl\GraphElement\GAdapter\GSingleton\GSingleton.h">
      <Filter>头文件</Filter>
    </ClInclude>
    <ClInclude Include="GraphCtrl\GraphElement\GAdapter\GAdapter.h">
      <Filter>头文件</Filter>
    </ClInclude>
    <ClInclude Include="GraphCtrl\GraphElement\GAdapter\GAdapterInclude.h">
      <Filter>头文件</Filter>
    </ClInclude>
    <ClInclude Include="GraphCtrl\GraphElement\GGroup\GCluster\GCluster.h">
      <Filter>头文件</Filter>
    </ClInclude>
    <ClInclude Include="GraphCtrl\GraphElement\GGroup\GCondition\GCondition.h">
      <Filter>头文件</Filter>
    </ClInclude>
    <ClInclude Include="GraphCtrl\GraphElement\GGroup\GCondition\GConditionDefine.h">
      <Filter>头文件</Filter>
    </ClInclude>
    <ClInclude Include="GraphCtrl\GraphElement\GGroup\GCondition\GConditionInclude.h">
      <Filter>头文件</Filter>
    </ClInclude>
    <ClInclude Include="GraphCtrl\GraphElement\GGroup\GCondition\GMultiCondition.h">
      <Filter>头文件</Filter>
    </ClInclude>
    <ClInclude Include="GraphCtrl\GraphElement\GGroup\GMutable\GMutable.h">
      <Filter>头文件</Filter>
    </ClInclude>
    <ClInclude Include="GraphCtrl\GraphElement\GGroup\GRegion\GRegion.h">
      <Filter>头文件</Filter>
    </ClInclude>
    <ClInclude Include="GraphCtrl\GraphElement\GGroup\GSome\GSome.h">
      <Filter>头文件</Filter>
    </ClInclude>
    <ClInclude Include="GraphCtrl\GraphElement\GGroup\GGroup.h">
      <Filter>头文件</Filter>
    </ClInclude>
    <ClInclude Include="GraphCtrl\GraphElement\GGroup\GGroupDefine.h">
      <Filter>头文件</Filter>
    </ClInclude>
    <ClInclude Include="GraphCtrl\GraphElement\GGroup\GGroupInclude.h">
      <Filter>头文件</Filter>
    </ClInclude>
    <ClInclude Include="GraphCtrl\GraphElement\GNode\GNode.h">
      <Filter>头文件</Filter>
    </ClInclude>
    <ClInclude Include="GraphCtrl\GraphElement\GNode\GNodeDefine.h">
      <Filter>头文件</Filter>
    </ClInclude>
    <ClInclude Include="GraphCtrl\GraphElement\GNode\GNodeInclude.h">
      <Filter>头文件</Filter>
    </ClInclude>
    <ClInclude Include="GraphCtrl\GraphElement\GNode\GTemplateNode.h">
      <Filter>头文件</Filter>
    </ClInclude>
    <ClInclude Include="GraphCtrl\GraphElement\GElement.h">
      <Filter>头文件</Filter>
    </ClInclude>
    <ClInclude Include="GraphCtrl\GraphElement\GElementDefine.h">
      <Filter>头文件</Filter>
    </ClInclude>
    <ClInclude Include="GraphCtrl\GraphElement\GElementInclude.h">
      <Filter>头文件</Filter>
    </ClInclude>
    <ClInclude Include="GraphCtrl\GraphElement\GElementManager.h">
      <Filter>头文件</Filter>
    </ClInclude>
    <ClInclude Include="GraphCtrl\GraphElement\GElementObject.h">
      <Filter>头文件</Filter>
    </ClInclude>
    <ClInclude Include="GraphCtrl\GraphElement\GElementRelation.h">
      <Filter>头文件</Filter>
    </ClInclude>
    <ClInclude Include="GraphCtrl\GraphElement\GElementRepository.h">
      <Filter>头文件</Filter>
    </ClInclude>
    <ClInclude Include="GraphCtrl\GraphElement\GElementSorter.h">
      <Filter>头文件</Filter>
    </ClInclude>
    <ClInclude Include="GraphCtrl\GraphEvent\GEvent.h">
      <Filter>头文件</Filter>
    </ClInclude>
    <ClInclude Include="GraphCtrl\GraphEvent\GEventDefine.h">
      <Filter>头文件</Filter>
    </ClInclude>
    <ClInclude Include="GraphCtrl\GraphEvent\GEventInclude.h">
      <Filter>头文件</Filter>
    </ClInclude>
    <ClInclude Include="GraphCtrl\GraphEvent\GEventManager.h">
      <Filter>头文件</Filter>
    </ClInclude>
    <ClInclude Include="GraphCtrl\GraphEvent\GEventManagerWrapper.h">
      <Filter>头文件</Filter>
    </ClInclude>
    <ClInclude Include="GraphCtrl\GraphEvent\GEventObject.h">
      <Filter>头文件</Filter>
    </ClInclude>
    <ClInclude Include="GraphCtrl\GraphMessage\GMessage.h">
      <Filter>头文件</Filter>
    </ClInclude>
    <ClInclude Include="GraphCtrl\GraphMessage\GMessageDefine.h">
      <Filter>头文件</Filter>
    </ClInclude>
    <ClInclude Include="GraphCtrl\GraphMessage\GMessageInclude.h">
      <Filter>头文件</Filter>
    </ClInclude>
    <ClInclude Include="GraphCtrl\GraphMessage\GMessageManager.h">
      <Filter>头文件</Filter>
    </ClInclude>
    <ClInclude Include="GraphCtrl\GraphMessage\GMessageManagerSingleton.h">
      <Filter>头文件</Filter>
    </ClInclude>
    <ClInclude Include="GraphCtrl\GraphMessage\GMessageObject.h">
      <Filter>头文件</Filter>
    </ClInclude>
    <ClInclude Include="GraphCtrl\GraphMessage\GMessageUtils.h">
      <Filter>头文件</Filter>
    </ClInclude>
    <ClInclude Include="GraphCtrl\GraphParam\GMessageParam.h">
      <Filter>头文件</Filter>
    </ClInclude>
    <ClInclude Include="GraphCtrl\GraphParam\GParam.h">
      <Filter>头文件</Filter>
    </ClInclude>
    <ClInclude Include="GraphCtrl\GraphParam\GParamInclude.h">
      <Filter>头文件</Filter>
    </ClInclude>
    <ClInclude Include="GraphCtrl\GraphParam\GParamManager.h">
      <Filter>头文件</Filter>
    </ClInclude>
    <ClInclude Include="GraphCtrl\GraphParam\GParamManagerWrapper.h">
      <Filter>头文件</Filter>
    </ClInclude>
    <ClInclude Include="GraphCtrl\GraphParam\GParamObject.h">
      <Filter>头文件</Filter>
    </ClInclude>
    <ClInclude Include="GraphCtrl\GraphParam\GParamUtils.h">
      <Filter>头文件</Filter>
    </ClInclude>
    <ClInclude Include="GraphCtrl\GraphParam\GPassedDefaultParam.h">
      <Filter>头文件</Filter>
    </ClInclude>
    <ClInclude Include="GraphCtrl\GraphParam\GPassedParam.h">
      <Filter>头文件</Filter>
    </ClInclude>
    <ClInclude Include="GraphCtrl\GraphPipeline\_GPerf\GPerf.h">
      <Filter>头文件</Filter>
    </ClInclude>
    <ClInclude Include="GraphCtrl\GraphPipeline\_GPerf\GPerfAspect.h">
      <Filter>头文件</Filter>
    </ClInclude>
    <ClInclude Include="GraphCtrl\GraphPipeline\_GPerf\GPerfDefine.h">
      <Filter>头文件</Filter>
    </ClInclude>
    <ClInclude Include="GraphCtrl\GraphPipeline\_GPerf\GPerfInclude.h">
      <Filter>头文件</Filter>
    </ClInclude>
    <ClInclude Include="GraphCtrl\GraphPipeline\_GSchedule\GSchedule.h">
      <Filter>头文件</Filter>
    </ClInclude>
    <ClInclude Include="GraphCtrl\GraphPipeline\_GSchedule\GScheduleDefine.h">
      <Filter>头文件</Filter>
    </ClInclude>
    <ClInclude Include="GraphCtrl\GraphPipeline\_GSchedule\GScheduleInclude.h">
      <Filter>头文件</Filter>
    </ClInclude>
    <ClInclude Include="GraphCtrl\GraphPipeline\GPipeline.h">
      <Filter>头文件</Filter>
    </ClInclude>
    <ClInclude Include="GraphCtrl\GraphPipeline\GPipelineFactory.h">
      <Filter>头文件</Filter>
    </ClInclude>
    <ClInclude Include="GraphCtrl\GraphPipeline\GPipelineInclude.h">
      <Filter>头文件</Filter>
    </ClInclude>
    <ClInclude Include="GraphCtrl\GraphPipeline\GPipelineManager.h">
      <Filter>头文件</Filter>
    </ClInclude>
    <ClInclude Include="GraphCtrl\GraphPipeline\GPipelineObject.h">
      <Filter>头文件</Filter>
    </ClInclude>
    <ClInclude Include="GraphCtrl\GraphStage\GStage.h">
      <Filter>头文件</Filter>
    </ClInclude>
    <ClInclude Include="GraphCtrl\GraphStage\GStageInclude.h">
      <Filter>头文件</Filter>
    </ClInclude>
    <ClInclude Include="GraphCtrl\GraphStage\GStageManager.h">
      <Filter>头文件</Filter>
    </ClInclude>
    <ClInclude Include="GraphCtrl\GraphStage\GStageManagerWrapper.h">
      <Filter>头文件</Filter>
    </ClInclude>
    <ClInclude Include="GraphCtrl\GraphStage\GStageObject.h">
      <Filter>头文件</Filter>
    </ClInclude>
    <ClInclude Include="GraphCtrl\GraphDefine.h">
      <Filter>头文件</Filter>
    </ClInclude>
    <ClInclude Include="GraphCtrl\GraphInclude.h">
      <Filter>头文件</Filter>
    </ClInclude>
    <ClInclude Include="GraphCtrl\GraphManager.h">
      <Filter>头文件</Filter>
    </ClInclude>
    <ClInclude Include="GraphCtrl\GraphObject.h">
      <Filter>头文件</Filter>
    </ClInclude>
    <ClInclude Include="UtilsCtrl\Container\UContainerInclude.h">
      <Filter>头文件</Filter>
    </ClInclude>
    <ClInclude Include="UtilsCtrl\Container\USerialUniqueArray.h">
      <Filter>头文件</Filter>
    </ClInclude>
    <ClInclude Include="UtilsCtrl\Container\USmallVector.h">
      <Filter>头文件</Filter>
    </ClInclude>
    <ClInclude Include="UtilsCtrl\Distance\Common\UCommonDistanceInclude.h">
      <Filter>头文件</Filter>
    </ClInclude>
    <ClInclude Include="UtilsCtrl\Distance\Common\UCosineDistance.h">
      <Filter>头文件</Filter>
    </ClInclude>
    <ClInclude Include="UtilsCtrl\Distance\Common\UEuclideanDistance.h">
      <Filter>头文件</Filter>
    </ClInclude>
    <ClInclude Include="UtilsCtrl\Distance\UDistance.h">
      <Filter>头文件</Filter>
    </ClInclude>
    <ClInclude Include="UtilsCtrl\Distance\UDistanceCalculator.h">
      <Filter>头文件</Filter>
    </ClInclude>
    <ClInclude Include="UtilsCtrl\Distance\UDistanceInclude.h">
      <Filter>头文件</Filter>
    </ClInclude>
    <ClInclude Include="UtilsCtrl\Distance\UDistanceObject.h">
      <Filter>头文件</Filter>
    </ClInclude>
    <ClInclude Include="UtilsCtrl\Lru\ULru.h">
      <Filter>头文件</Filter>
    </ClInclude>
    <ClInclude Include="UtilsCtrl\Lru\ULruNode.h">
      <Filter>头文件</Filter>
    </ClInclude>
    <ClInclude Include="UtilsCtrl\Random\URandom.h">
      <Filter>头文件</Filter>
    </ClInclude>
    <ClInclude Include="UtilsCtrl\Random\URandomDefine.h">
      <Filter>头文件</Filter>
    </ClInclude>
    <ClInclude Include="UtilsCtrl\Singleton\USingleton.h">
      <Filter>头文件</Filter>
    </ClInclude>
    <ClInclude Include="UtilsCtrl\Singleton\USingletonDefine.h">
      <Filter>头文件</Filter>
    </ClInclude>
    <ClInclude Include="UtilsCtrl\ThreadPool\Lock\UCvMutex.h">
      <Filter>头文件</Filter>
    </ClInclude>
    <ClInclude Include="UtilsCtrl\ThreadPool\Lock\ULockInclude.h">
      <Filter>头文件</Filter>
    </ClInclude>
    <ClInclude Include="UtilsCtrl\ThreadPool\Lock\USpinLock.h">
      <Filter>头文件</Filter>
    </ClInclude>
    <ClInclude Include="UtilsCtrl\ThreadPool\Metrics\UMetrics.h">
      <Filter>头文件</Filter>
    </ClInclude>
    <ClInclude Include="UtilsCtrl\ThreadPool\Queue\UAtomicPriorityQueue.h">
      <Filter>头文件</Filter>
    </ClInclude>
    <ClInclude Include="UtilsCtrl\ThreadPool\Queue\UAtomicQueue.h">
      <Filter>头文件</Filter>
    </ClInclude>
    <ClInclude Include="UtilsCtrl\ThreadPool\Queue\UAtomicRingBufferQueue.h">
      <Filter>头文件</Filter>
    </ClInclude>
    <ClInclude Include="UtilsCtrl\ThreadPool\Queue\ULockFreeRingBufferQueue.h">
      <Filter>头文件</Filter>
    </ClInclude>
    <ClInclude Include="UtilsCtrl\ThreadPool\Queue\UQueueDefine.h">
      <Filter>头文件</Filter>
    </ClInclude>
    <ClInclude Include="UtilsCtrl\ThreadPool\Queue\UQueueInclude.h">
      <Filter>头文件</Filter>
    </ClInclude>
    <ClInclude Include="UtilsCtrl\ThreadPool\Queue\UQueueObject.h">
      <Filter>头文件</Filter>
    </ClInclude>
    <ClInclude Include="UtilsCtrl\ThreadPool\Queue\UWorkStealingQueue.h">
      <Filter>头文件</Filter>
    </ClInclude>
    <ClInclude Include="UtilsCtrl\ThreadPool\Semaphore\USemaphore.h">
      <Filter>头文件</Filter>
    </ClInclude>
    <ClInclude Include="UtilsCtrl\ThreadPool\Task\UTask.h">
      <Filter>头文件</Filter>
    </ClInclude>
    <ClInclude Include="UtilsCtrl\ThreadPool\Task\UTaskGroup.h">
      <Filter>头文件</Filter>
    </ClInclude>
    <ClInclude Include="UtilsCtrl\ThreadPool\Task\UTaskInclude.h">
      <Filter>头文件</Filter>
    </ClInclude>
    <ClInclude Include="UtilsCtrl\ThreadPool\Thread\UThreadBase.h">
      <Filter>头文件</Filter>
    </ClInclude>
    <ClInclude Include="UtilsCtrl\ThreadPool\Thread\UThreadInclude.h">
      <Filter>头文件</Filter>
    </ClInclude>
    <ClInclude Include="UtilsCtrl\ThreadPool\Thread\UThreadPrimary.h">
      <Filter>头文件</Filter>
    </ClInclude>
    <ClInclude Include="UtilsCtrl\ThreadPool\Thread\UThreadSecondary.h">
      <Filter>头文件</Filter>
    </ClInclude>
    <ClInclude Include="UtilsCtrl\ThreadPool\UThreadObject.h">
      <Filter>头文件</Filter>
    </ClInclude>
    <ClInclude Include="UtilsCtrl\ThreadPool\UThreadPool.h">
      <Filter>头文件</Filter>
    </ClInclude>
    <ClInclude Include="UtilsCtrl\ThreadPool\UThreadPoolConfig.h">
      <Filter>头文件</Filter>
    </ClInclude>
    <ClInclude Include="UtilsCtrl\ThreadPool\UThreadPoolDefine.h">
      <Filter>头文件</Filter>
    </ClInclude>
    <ClInclude Include="UtilsCtrl\ThreadPool\UThreadPoolInclude.h">
      <Filter>头文件</Filter>
    </ClInclude>
    <ClInclude Include="UtilsCtrl\Timer\UTimeCounter.h">
      <Filter>头文件</Filter>
    </ClInclude>
    <ClInclude Include="UtilsCtrl\Timer\UTimer.h">
      <Filter>头文件</Filter>
    </ClInclude>
    <ClInclude Include="UtilsCtrl\Timer\UTimerInclude.h">
      <Filter>头文件</Filter>
    </ClInclude>
    <ClInclude Include="UtilsCtrl\UtilsDefine.h">
      <Filter>头文件</Filter>
    </ClInclude>
    <ClInclude Include="UtilsCtrl\UtilsFunction.h">
      <Filter>头文件</Filter>
    </ClInclude>
    <ClInclude Include="UtilsCtrl\UtilsInclude.h">
      <Filter>头文件</Filter>
    </ClInclude>
    <ClInclude Include="UtilsCtrl\UtilsObject.h">
      <Filter>头文件</Filter>
    </ClInclude>
    <ClInclude Include="CGraph.h">
      <Filter>头文件</Filter>
    </ClInclude>
  </ItemGroup>
  <ItemGroup>
    <ClCompile Include="DomainCtrl\Ann\DAnnNode.cpp">
      <Filter>源文件</Filter>
    </ClCompile>
    <ClCompile Include="GraphCtrl\GraphAspect\GAspect.cpp">
      <Filter>源文件</Filter>
    </ClCompile>
    <ClCompile Include="GraphCtrl\GraphAspect\GAspectManager.cpp">
      <Filter>源文件</Filter>
    </ClCompile>
    <ClCompile Include="GraphCtrl\GraphAspect\GAspectObject.cpp">
      <Filter>源文件</Filter>
    </ClCompile>
    <ClCompile Include="GraphCtrl\GraphDaemon\GDaemon.cpp">
      <Filter>源文件</Filter>
    </ClCompile>
    <ClCompile Include="GraphCtrl\GraphDaemon\GDaemonManager.cpp">
      <Filter>源文件</Filter>
    </ClCompile>
    <ClCompile Include="GraphCtrl\GraphElement\_GEngine\GDynamicEngine\GDynamicEngine.cpp">
      <Filter>源文件</Filter>
    </ClCompile>
    <ClCompile Include="GraphCtrl\GraphElement\_GEngine\GStaticEngine\GStaticEngine.cpp">
      <Filter>源文件</Filter>
    </ClCompile>
    <ClCompile Include="GraphCtrl\GraphElement\_GEngine\GTopoEngine\GTopoEngine.cpp">
      <Filter>源文件</Filter>
    </ClCompile>
    <ClCompile Include="GraphCtrl\GraphElement\GAdapter\GFence\GFence.cpp">
      <Filter>源文件</Filter>
    </ClCompile>
    <ClCompile Include="GraphCtrl\GraphElement\GAdapter\GFunction\GFunction.cpp">
      <Filter>源文件</Filter>
    </ClCompile>
    <ClCompile Include="GraphCtrl\GraphElement\GGroup\GCluster\GCluster.cpp">
      <Filter>源文件</Filter>
    </ClCompile>
    <ClCompile Include="GraphCtrl\GraphElement\GGroup\GCondition\GCondition.cpp">
      <Filter>源文件</Filter>
    </ClCompile>
    <ClCompile Include="GraphCtrl\GraphElement\GGroup\GMutable\GMutable.cpp">
      <Filter>源文件</Filter>
    </ClCompile>
    <ClCompile Include="GraphCtrl\GraphElement\GGroup\GRegion\GRegion.cpp">
      <Filter>源文件</Filter>
    </ClCompile>
    <ClCompile Include="GraphCtrl\GraphElement\GGroup\GGroup.cpp">
      <Filter>源文件</Filter>
    </ClCompile>
    <ClCompile Include="GraphCtrl\GraphElement\GNode\GNode.cpp">
      <Filter>源文件</Filter>
    </ClCompile>
    <ClCompile Include="GraphCtrl\GraphElement\GElement.cpp">
      <Filter>源文件</Filter>
    </ClCompile>
    <ClCompile Include="GraphCtrl\GraphElement\GElementManager.cpp">
      <Filter>源文件</Filter>
    </ClCompile>
    <ClCompile Include="GraphCtrl\GraphElement\GElementRepository.cpp">
      <Filter>源文件</Filter>
    </ClCompile>
    <ClCompile Include="GraphCtrl\GraphEvent\GEvent.cpp">
      <Filter>源文件</Filter>
    </ClCompile>
    <ClCompile Include="GraphCtrl\GraphEvent\GEventManager.cpp">
      <Filter>源文件</Filter>
    </ClCompile>
    <ClCompile Include="GraphCtrl\GraphMessage\GMessageManagerSingleton.cpp">
      <Filter>源文件</Filter>
    </ClCompile>
    <ClCompile Include="GraphCtrl\GraphParam\GParam.cpp">
      <Filter>源文件</Filter>
    </ClCompile>
    <ClCompile Include="GraphCtrl\GraphParam\GParamManager.cpp">
      <Filter>源文件</Filter>
    </ClCompile>
    <ClCompile Include="GraphCtrl\GraphPipeline\_GPerf\GPerf.cpp">
      <Filter>源文件</Filter>
    </ClCompile>
    <ClCompile Include="GraphCtrl\GraphPipeline\_GSchedule\GSchedule.cpp">
      <Filter>源文件</Filter>
    </ClCompile>
    <ClCompile Include="GraphCtrl\GraphPipeline\GPipeline.cpp">
      <Filter>源文件</Filter>
    </ClCompile>
    <ClCompile Include="GraphCtrl\GraphPipeline\GPipelineFactory.cpp">
      <Filter>源文件</Filter>
    </ClCompile>
    <ClCompile Include="GraphCtrl\GraphPipeline\GPipelineManager.cpp">
      <Filter>源文件</Filter>
    </ClCompile>
    <ClCompile Include="GraphCtrl\GraphStage\GStage.cpp">
      <Filter>源文件</Filter>
    </ClCompile>
    <ClCompile Include="UtilsCtrl\ThreadPool\UThreadPool.cpp">
      <Filter>源文件</Filter>
    </ClCompile>
  </ItemGroup>
  <ItemGroup>
    <None Include="GraphCtrl\GraphAspect\GAspectObject.inl">
      <Filter>头文件</Filter>
    </None>
    <None Include="GraphCtrl\GraphDaemon\GDaemonObject.inl">
      <Filter>头文件</Filter>
    </None>
    <None Include="GraphCtrl\GraphElement\GAdapter\GCoordinator\GCoordinator.inl">
      <Filter>头文件</Filter>
    </None>
    <None Include="GraphCtrl\GraphElement\GAdapter\GSingleton\GSingleton.inl">
      <Filter>头文件</Filter>
    </None>
    <None Include="GraphCtrl\GraphElement\GGroup\GCondition\GMultiCondition.inl">
      <Filter>头文件</Filter>
    </None>
    <None Include="GraphCtrl\GraphElement\GGroup\GSome\GSome.inl">
      <Filter>头文件</Filter>
    </None>
    <None Include="GraphCtrl\GraphElement\GElement.inl">
      <Filter>头文件</Filter>
    </None>
    <None Include="GraphCtrl\GraphEvent\GEventManager.inl">
      <Filter>头文件</Filter>
    </None>
    <None Include="GraphCtrl\GraphParam\GParamManager.inl">
      <Filter>头文件</Filter>
    </None>
    <None Include="GraphCtrl\GraphPipeline\GPipeline.inl">
      <Filter>头文件</Filter>
    </None>
    <None Include="GraphCtrl\GraphStage\GStage.inl">
      <Filter>头文件</Filter>
    </None>
    <None Include="UtilsCtrl\Distance\UDistance.inl">
      <Filter>头文件</Filter>
    </None>
    <None Include="UtilsCtrl\ThreadPool\UThreadPool.inl">
      <Filter>头文件</Filter>
    </None>
  </ItemGroup>
</Project>